
Microsoft Visual Studio Solution File, Format Version 12.00
# Visual Studio Version 16
VisualStudioVersion = 16.0.28922.388
MinimumVisualStudioVersion = 10.0.40219.1
Project("{FAE04EC0-301F-11D3-BF4B-00C04F79EFBC}") = "AgeFunction", "AgeFunction\AgeFunction.csproj", "{AFF6D0BB-E469-47B5-B3D4-353D6003E649}"
EndProject
Global
	GlobalSection(SolutionConfigurationPlatforms) = preSolution
		Debug|Any CPU = Debug|Any CPU
		Release|Any CPU = Release|Any CPU
	EndGlobalSection
	GlobalSection(ProjectConfigurationPlatforms) = postSolution
		{AFF6D0BB-E469-47B5-B3D4-353D6003E649}.Debug|Any CPU.ActiveCfg = Debug|Any CPU
		{AFF6D0BB-E469-47B5-B3D4-353D6003E649}.Debug|Any CPU.Build.0 = Debug|Any CPU
		{AFF6D0BB-E469-47B5-B3D4-353D6003E649}.Release|Any CPU.ActiveCfg = Release|Any CPU
		{AFF6D0BB-E469-47B5-B3D4-353D6003E649}.Release|Any CPU.Build.0 = Release|Any CPU
	EndGlobalSection
	GlobalSection(SolutionProperties) = preSolution
		HideSolutionNode = FALSE
	EndGlobalSection
	GlobalSection(ExtensibilityGlobals) = postSolution
		SolutionGuid = {FC252DA7-4707-4A36-84D4-362698D878D3}
	EndGlobalSection
EndGlobal
